PODS:
  - AMScrollingNavbar (3.4.0)
  - BMPlayer (0.8.7):
    - BMPlayer/Full (= 0.8.7)
  - BMPlayer/Core (0.8.7)
  - BMPlayer/Full (0.8.7):
    - BMPlayer/Core
    - NVActivityIndicatorView (~> 3.5)
    - SnapKit (~> 3.2)
  - DateToolsSwift (2.0.3)
  - ESPullToRefresh (2.6)
  - Gallery (1.3.0)
  - Hue (2.0.1)
  - JDStatusBarNotification (1.5.5)
  - Kanna (2.1.1)
  - Kingfisher (3.12.1)
  - Lightbox (1.0.0):
    - Hue
  - MXParallaxHeader (0.6.1)
  - NVActivityIndicatorView (3.7.0):
    - NVActivityIndicatorView/Presenter (= 3.7.0)
  - NVActivityIndicatorView/Presenter (3.7.0)
  - PopupDialog (0.5.4)
  - Reveal-SDK (10)
  - SnapKit (3.2.0)
  - SwiftyJSON (3.1.4)
  - SwipeCellKit (1.9.1)
  - TwitterCore (3.0.0)
  - TwitterKit (3.1.0):
    - TwitterCore (>= 3.0.0)
  - VisualEffectView (2.0.7)
  - YYText (1.0.7)

DEPENDENCIES:
  - AMScrollingNavbar
  - BMPlayer
  - DateToolsSwift
  - ESPullToRefresh
  - Gallery
  - JDStatusBarNotification
  - Kanna (~> 2.1.0)
  - Kingfisher (~> 3.0)
  - Lightbox
  - MXParallaxHeader
  - PopupDialog (~> 0.5)
  - Reveal-SDK
  - SnapKit (~> 3.2.0)
  - SwiftyJSON
  - SwipeCellKit
  - TwitterKit
  - VisualEffectView
  - YYText

SPEC CHECKSUMS:
  AMScrollingNavbar: 64b3626ebd557cbe4ddf7fdd31c652f02c9b8888
  BMPlayer: 5ba9e3f3d61ccc5a24ebd9cdc24901dcf28c98bc
  DateToolsSwift: bf69bf9056d9e53c5c03f06e51f219b9b8b02f9e
  ESPullToRefresh: 85f4990acf87f78c6a1466bbbee7a75d7de24db9
  Gallery: 40220b942a34dfc9815ad06bffcd2025827b5e02
  Hue: 354caec055fdc9d38b5ef33ca2e7224721843baf
  JDStatusBarNotification: 2b4f29bd68a60d7aa2f190b5265f1ce59c18aaf8
  Kanna: 9b4b086c218703f2b94f5b21a466217dd2f9332e
  Kingfisher: 7e87498c3b795c2b8f6430fd5853ae5b5548ff9c
  Lightbox: 13f55a0a840f7945dc5ac87931564e7fe569fca9
  MXParallaxHeader: 858c403532ed933b381556a81ce333d7065ad182
  NVActivityIndicatorView: d3738df7e2e476aca0ba6bf32a8c9fbcfc33d64b
  PopupDialog: 75cf955693590b0cb2fdde00223fb65d99c57247
  Reveal-SDK: 7869ddf1f902cabbb07a1f0dd06bd25861a126f7
  SnapKit: 1ca44df72cfa543218d177cb8aab029d10d86ea7
  SwiftyJSON: c2842d878f95482ffceec5709abc3d05680c0220
  SwipeCellKit: e9ff953c820394a4e641cfb0118b6c959506aec2
  TwitterCore: 8ce250be1eb34633a0e6acc89520d4165ec52c10
  TwitterKit: 21d0b22d67cb9a568cd8053972d0da7df2e0e9a0
  VisualEffectView: c6e2b281616b46262d1371aaee3735a58b7b2c7f
  YYText: 5c461d709e24d55a182d1441c41dc639a18a4849

PODFILE CHECKSUM: 5651a1d7fca14aa29776bef2263b5da649b2316b

COCOAPODS: 1.3.1
